<?xml version="1.0" encoding="utf-8"?>
<Project ToolsVersion="4.0" xmlns="http://schemas.microsoft.com/developer/msbuild/2003">
  <ItemGroup>
    <Filter Include="Main">
      <UniqueIdentifier>{d9f5ca55-cd2f-4702-b85a-80300b4b28a3}</UniqueIdentifier>
    </Filter>
    <Filter Include="Utils">
      <UniqueIdentifier>{d4e2c09b-b5f3-493f-a315-4e15f024ed90}</UniqueIdentifier>
    </Filter>
    <Filter Include="LockFree">
      <UniqueIdentifier>{1460f354-39b2-4331-a9ea-9e4cdd38cdc3}</UniqueIdentifier>
    </Filter>
    <Filter Include="Protocol">
      <UniqueIdentifier>{5ebe47df-812e-4a07-a036-d65b7ec70942}</UniqueIdentifier>
    </Filter>
    <Filter Include="GameContents">
      <UniqueIdentifier>{5fa873bc-681d-49f9-9d04-1cf788e4775d}</UniqueIdentifier>
    </Filter>
  </ItemGroup>
  <ItemGroup>
    <ClCompile Include="GameServer.cpp">
      <Filter>Main</Filter>
    </ClCompile>
    <ClCompile Include="pch.cpp">
      <Filter>Utils</Filter>
    </ClCompile>
    <ClCompile Include="ConcurrentStack.cpp">
      <Filter>LockFree</Filter>
    </ClCompile>
    <ClCompile Include="ConcurrentQueue.cpp">
      <Filter>LockFree</Filter>
    </ClCompile>
    <ClCompile Include="MemoryLockFreeStack.cpp">
      <Filter>LockFree</Filter>
    </ClCompile>
    <ClCompile Include="GameSession.cpp">
      <Filter>Main</Filter>
    </ClCompile>
    <ClCompile Include="GameSessionManager.cpp">
      <Filter>Main</Filter>
    </ClCompile>
    <ClCompile Include="ClientPacketHandler.cpp">
      <Filter>Main</Filter>
    </ClCompile>
    <ClCompile Include="Protocol.pb.cc">
      <Filter>Protocol</Filter>
    </ClCompile>
    <ClCompile Include="Enum.pb.cc">
      <Filter>Protocol</Filter>
    </ClCompile>
    <ClCompile Include="Struct.pb.cc">
      <Filter>Protocol</Filter>
    </ClCompile>
    <ClCompile Include="Player.cpp">
      <Filter>GameContents</Filter>
    </ClCompile>
    <ClCompile Include="Room.cpp">
      <Filter>GameContents</Filter>
    </ClCompile>
  </ItemGroup>
  <ItemGroup>
    <ClInclude Include="pch.h">
      <Filter>Utils</Filter>
    </ClInclude>
    <ClInclude Include="ConcurrentStack.h">
      <Filter>LockFree</Filter>
    </ClInclude>
    <ClInclude Include="ConcurrentQueue.h">
      <Filter>LockFree</Filter>
    </ClInclude>
    <ClInclude Include="MemoryLockFreeStack.h">
      <Filter>LockFree</Filter>
    </ClInclude>
    <ClInclude Include="GameSession.h">
      <Filter>Main</Filter>
    </ClInclude>
    <ClInclude Include="GameSessionManager.h">
      <Filter>Main</Filter>
    </ClInclude>
    <ClInclude Include="ClientPacketHandler.h">
      <Filter>Main</Filter>
    </ClInclude>
    <ClInclude Include="Protocol.pb.h">
      <Filter>Protocol</Filter>
    </ClInclude>
    <ClInclude Include="Enum.pb.h">
      <Filter>Protocol</Filter>
    </ClInclude>
    <ClInclude Include="Struct.pb.h">
      <Filter>Protocol</Filter>
    </ClInclude>
    <ClInclude Include="Room.h">
      <Filter>GameContents</Filter>
    </ClInclude>
    <ClInclude Include="Player.h">
      <Filter>GameContents</Filter>
    </ClInclude>
  </ItemGroup>
  <ItemGroup>
    <None Include="..\Common\Protobuf\bin\Enum.proto">
      <Filter>Protocol</Filter>
    </None>
    <None Include="..\Common\Protobuf\bin\Protocol.proto">
      <Filter>Protocol</Filter>
    </None>
    <None Include="..\Common\Protobuf\bin\Struct.proto">
      <Filter>Protocol</Filter>
    </None>
    <None Include="..\Common\Protobuf\bin\GenPackets.bat">
      <Filter>Protocol</Filter>
    </None>
  </ItemGroup>
</Project>